
Microsoft Visual Studio Solution File, Format Version 12.00
# Visual Studio 15
VisualStudioVersion = 15.0.28010.2046
MinimumVisualStudioVersion = 10.0.40219.1
Project("{2150E333-8FDC-42A3-9474-1A3956D46DE8}") = "Tests", "Tests", "{141E2837-1247-4E33-B5A0-64D0ECCBFDBA}"
EndProject
Project("{2150E333-8FDC-42A3-9474-1A3956D46DE8}") = ".sln", ".sln", "{5EDB9086-DACF-4D1D-A3F6-91C826684B38}"
	ProjectSection(SolutionItems) = preProject
		Directory.Build.props = Directory.Build.props
		Sat.Parameters.CodeGeneration.Fat.props = Sat.Parameters.CodeGeneration.Fat.props
		Sat.Parameters.CodeGeneration.props = Sat.Parameters.CodeGeneration.props
	EndProjectSection
EndProject
Project("{2150E333-8FDC-42A3-9474-1A3956D46DE8}") = "Source", "Source", "{C9DF96D3-E7EA-4D58-B038-E46EE2646108}"
EndProject
Project("{9A19103F-16F7-4668-BE54-9A1E7A4F7556}") = "Kingdom.OrTools.Sat.CodeGeneration", "Kingdom.OrTools.Sat.CodeGeneration\Kingdom.OrTools.Sat.CodeGeneration.csproj", "{45B080D6-9E41-4ADC-88E8-7E6299CDEBE7}"
EndProject
Project("{9A19103F-16F7-4668-BE54-9A1E7A4F7556}") = "Kingdom.OrTools.Sat.CodeGeneration.Attributes", "Kingdom.OrTools.Sat.CodeGeneration.Attributes\Kingdom.OrTools.Sat.CodeGeneration.Attributes.csproj", "{EAF8C06D-BDAE-4A80-8B7C-4E9906232B7F}"
EndProject
Project("{9A19103F-16F7-4668-BE54-9A1E7A4F7556}") = "Kingdom.OrTools.Sat.CodeGeneration.Core", "Kingdom.OrTools.Sat.CodeGeneration.Core\Kingdom.OrTools.Sat.CodeGeneration.Core.csproj", "{8C5ADA33-3E34-4CA4-9657-7E6B2FDFD82E}"
EndProject
Project("{9A19103F-16F7-4668-BE54-9A1E7A4F7556}") = "Kingdom.OrTools.Sat.CodeGeneration.Tests", "Kingdom.OrTools.Sat.CodeGeneration.Tests\Kingdom.OrTools.Sat.CodeGeneration.Tests.csproj", "{4D3E14F5-9323-4DFE-9B80-884804D40C7F}"
EndProject
Project("{2150E333-8FDC-42A3-9474-1A3956D46DE8}") = ".nuget", ".nuget", "{37E95BAE-49D3-4D5E-8FC9-1F1D4AE6274B}"
	ProjectSection(SolutionItems) = preProject
		NuGet.Config = NuGet.Config
		tools\NuGet\publish.cmd = tools\NuGet\publish.cmd
	EndProjectSection
EndProject
Project("{9A19103F-16F7-4668-BE54-9A1E7A4F7556}") = "Kingdom.OrTools.Sat.CodeGeneration.Tool", "Kingdom.OrTools.Sat.CodeGeneration.Tool\Kingdom.OrTools.Sat.CodeGeneration.Tool.csproj", "{656A1189-DCBC-4049-8E15-925AC04C0B4B}"
EndProject
Project("{9A19103F-16F7-4668-BE54-9A1E7A4F7556}") = "Kingdom.OrTools.Sat.CodeGeneration.Tasks", "Kingdom.OrTools.Sat.CodeGeneration.Tasks\Kingdom.OrTools.Sat.CodeGeneration.Tasks.csproj", "{51E6EFD9-D367-4E3C-A28E-8F03F4B14C66}"
	ProjectSection(ProjectDependencies) = postProject
		{656A1189-DCBC-4049-8E15-925AC04C0B4B} = {656A1189-DCBC-4049-8E15-925AC04C0B4B}
	EndProjectSection
EndProject
Project("{9A19103F-16F7-4668-BE54-9A1E7A4F7556}") = "Kingdom.OrTools.Sat.CodeGeneration.Tool.Tests", "Kingdom.OrTools.Sat.CodeGeneration.Tool.Tests\Kingdom.OrTools.Sat.CodeGeneration.Tool.Tests.csproj", "{843369B1-6E74-42BD-BBCC-F292894CBF4C}"
EndProject
Project("{2150E333-8FDC-42A3-9474-1A3956D46DE8}") = ".parent", ".parent", "{8ADE8A25-3BAC-41E9-89AB-C8BAB2B7B48D}"
	ProjectSection(SolutionItems) = preProject
		..\Directory.Build.props = ..\Directory.Build.props
		..\Licensing.props = ..\Licensing.props
	EndProjectSection
EndProject
Global
	GlobalSection(SolutionConfigurationPlatforms) = preSolution
		Debug|Any CPU = Debug|Any CPU
		Release|Any CPU = Release|Any CPU
	EndGlobalSection
	GlobalSection(ProjectConfigurationPlatforms) = postSolution
		{45B080D6-9E41-4ADC-88E8-7E6299CDEBE7}.Debug|Any CPU.ActiveCfg = Debug|Any CPU
		{45B080D6-9E41-4ADC-88E8-7E6299CDEBE7}.Release|Any CPU.ActiveCfg = Release|Any CPU
		{EAF8C06D-BDAE-4A80-8B7C-4E9906232B7F}.Debug|Any CPU.ActiveCfg = Debug|Any CPU
		{EAF8C06D-BDAE-4A80-8B7C-4E9906232B7F}.Release|Any CPU.ActiveCfg = Release|Any CPU
		{8C5ADA33-3E34-4CA4-9657-7E6B2FDFD82E}.Debug|Any CPU.ActiveCfg = Debug|Any CPU
		{8C5ADA33-3E34-4CA4-9657-7E6B2FDFD82E}.Debug|Any CPU.Build.0 = Debug|Any CPU
		{8C5ADA33-3E34-4CA4-9657-7E6B2FDFD82E}.Release|Any CPU.ActiveCfg = Release|Any CPU
		{8C5ADA33-3E34-4CA4-9657-7E6B2FDFD82E}.Release|Any CPU.Build.0 = Release|Any CPU
		{4D3E14F5-9323-4DFE-9B80-884804D40C7F}.Debug|Any CPU.ActiveCfg = Debug|Any CPU
		{4D3E14F5-9323-4DFE-9B80-884804D40C7F}.Debug|Any CPU.Build.0 = Debug|Any CPU
		{4D3E14F5-9323-4DFE-9B80-884804D40C7F}.Release|Any CPU.ActiveCfg = Debug|Any CPU
		{656A1189-DCBC-4049-8E15-925AC04C0B4B}.Debug|Any CPU.ActiveCfg = Debug|Any CPU
		{656A1189-DCBC-4049-8E15-925AC04C0B4B}.Debug|Any CPU.Build.0 = Debug|Any CPU
		{656A1189-DCBC-4049-8E15-925AC04C0B4B}.Release|Any CPU.ActiveCfg = Release|Any CPU
		{656A1189-DCBC-4049-8E15-925AC04C0B4B}.Release|Any CPU.Build.0 = Release|Any CPU
		{51E6EFD9-D367-4E3C-A28E-8F03F4B14C66}.Debug|Any CPU.ActiveCfg = Debug|Any CPU
		{51E6EFD9-D367-4E3C-A28E-8F03F4B14C66}.Debug|Any CPU.Build.0 = Debug|Any CPU
		{51E6EFD9-D367-4E3C-A28E-8F03F4B14C66}.Release|Any CPU.ActiveCfg = Release|Any CPU
		{51E6EFD9-D367-4E3C-A28E-8F03F4B14C66}.Release|Any CPU.Build.0 = Release|Any CPU
		{843369B1-6E74-42BD-BBCC-F292894CBF4C}.Debug|Any CPU.ActiveCfg = Debug|Any CPU
		{843369B1-6E74-42BD-BBCC-F292894CBF4C}.Debug|Any CPU.Build.0 = Debug|Any CPU
		{843369B1-6E74-42BD-BBCC-F292894CBF4C}.Release|Any CPU.ActiveCfg = Debug|Any CPU
	EndGlobalSection
	GlobalSection(SolutionProperties) = preSolution
		HideSolutionNode = FALSE
	EndGlobalSection
	GlobalSection(NestedProjects) = preSolution
		{45B080D6-9E41-4ADC-88E8-7E6299CDEBE7} = {C9DF96D3-E7EA-4D58-B038-E46EE2646108}
		{EAF8C06D-BDAE-4A80-8B7C-4E9906232B7F} = {C9DF96D3-E7EA-4D58-B038-E46EE2646108}
		{8C5ADA33-3E34-4CA4-9657-7E6B2FDFD82E} = {C9DF96D3-E7EA-4D58-B038-E46EE2646108}
		{4D3E14F5-9323-4DFE-9B80-884804D40C7F} = {141E2837-1247-4E33-B5A0-64D0ECCBFDBA}
		{656A1189-DCBC-4049-8E15-925AC04C0B4B} = {C9DF96D3-E7EA-4D58-B038-E46EE2646108}
		{51E6EFD9-D367-4E3C-A28E-8F03F4B14C66} = {C9DF96D3-E7EA-4D58-B038-E46EE2646108}
		{843369B1-6E74-42BD-BBCC-F292894CBF4C} = {141E2837-1247-4E33-B5A0-64D0ECCBFDBA}
		{8ADE8A25-3BAC-41E9-89AB-C8BAB2B7B48D} = {5EDB9086-DACF-4D1D-A3F6-91C826684B38}
	EndGlobalSection
	GlobalSection(ExtensibilityGlobals) = postSolution
		SolutionGuid = {7966AFF7-6884-4957-984E-1CC9AFE4FDF2}
	EndGlobalSection
EndGlobal
