
Microsoft Visual Studio Solution File, Format Version 12.00
# Visual Studio 2013
VisualStudioVersion = 12.0.40629.0
MinimumVisualStudioVersion = 10.0.40219.1
Project("{FAE04EC0-301F-11D3-BF4B-00C04F79EFBC}") = "Kingdom.Constraints.Core", "Kingdom.Constraints.Core\Kingdom.Constraints.Core.csproj", "{C45F0A18-0E2F-4E82-B507-C7F0DAC1CEA9}"
EndProject
Project("{FAE04EC0-301F-11D3-BF4B-00C04F79EFBC}") = "Kingdom.Constraints.Samples.Sudoku", "Kingdom.Constraints.Samples.Sudoku\Kingdom.Constraints.Samples.Sudoku.csproj", "{89739502-B187-4D1B-BAD8-88380BCCD260}"
EndProject
Project("{FAE04EC0-301F-11D3-BF4B-00C04F79EFBC}") = "Kingdom.Constraints.Samples.Tests", "Kingdom.Constraints.Samples.Tests\Kingdom.Constraints.Samples.Tests.csproj", "{C1AFBF85-734E-4F91-8908-9D5921EA8B22}"
EndProject
Project("{2150E333-8FDC-42A3-9474-1A3956D46DE8}") = ".nuget", ".nuget", "{60CFBABA-3E01-4CA2-A698-68D8A7742979}"
	ProjectSection(SolutionItems) = preProject
		.nuget\NuGet.Config = .nuget\NuGet.Config
		.nuget\NuGet.exe = .nuget\NuGet.exe
		.nuget\NuGet.targets = .nuget\NuGet.targets
	EndProjectSection
EndProject
Project("{FAE04EC0-301F-11D3-BF4B-00C04F79EFBC}") = "Kingdom.Constraints.Samples.Feasibility", "Kingdom.Constraints.Samples.Feasibility\Kingdom.Constraints.Samples.Feasibility.csproj", "{DDA0727B-8837-4CE2-A02C-D60F583AB60A}"
EndProject
Global
	GlobalSection(SolutionConfigurationPlatforms) = preSolution
		Debug|Any CPU = Debug|Any CPU
		Release|Any CPU = Release|Any CPU
	EndGlobalSection
	GlobalSection(ProjectConfigurationPlatforms) = postSolution
		{C45F0A18-0E2F-4E82-B507-C7F0DAC1CEA9}.Debug|Any CPU.ActiveCfg = Debug|Any CPU
		{C45F0A18-0E2F-4E82-B507-C7F0DAC1CEA9}.Debug|Any CPU.Build.0 = Debug|Any CPU
		{C45F0A18-0E2F-4E82-B507-C7F0DAC1CEA9}.Release|Any CPU.ActiveCfg = Release|Any CPU
		{C45F0A18-0E2F-4E82-B507-C7F0DAC1CEA9}.Release|Any CPU.Build.0 = Release|Any CPU
		{89739502-B187-4D1B-BAD8-88380BCCD260}.Debug|Any CPU.ActiveCfg = Debug|Any CPU
		{89739502-B187-4D1B-BAD8-88380BCCD260}.Debug|Any CPU.Build.0 = Debug|Any CPU
		{89739502-B187-4D1B-BAD8-88380BCCD260}.Release|Any CPU.ActiveCfg = Release|Any CPU
		{89739502-B187-4D1B-BAD8-88380BCCD260}.Release|Any CPU.Build.0 = Release|Any CPU
		{C1AFBF85-734E-4F91-8908-9D5921EA8B22}.Debug|Any CPU.ActiveCfg = Debug|Any CPU
		{C1AFBF85-734E-4F91-8908-9D5921EA8B22}.Debug|Any CPU.Build.0 = Debug|Any CPU
		{C1AFBF85-734E-4F91-8908-9D5921EA8B22}.Release|Any CPU.ActiveCfg = Release|Any CPU
		{C1AFBF85-734E-4F91-8908-9D5921EA8B22}.Release|Any CPU.Build.0 = Release|Any CPU
		{DDA0727B-8837-4CE2-A02C-D60F583AB60A}.Debug|Any CPU.ActiveCfg = Debug|Any CPU
		{DDA0727B-8837-4CE2-A02C-D60F583AB60A}.Debug|Any CPU.Build.0 = Debug|Any CPU
		{DDA0727B-8837-4CE2-A02C-D60F583AB60A}.Release|Any CPU.ActiveCfg = Release|Any CPU
		{DDA0727B-8837-4CE2-A02C-D60F583AB60A}.Release|Any CPU.Build.0 = Release|Any CPU
	EndGlobalSection
	GlobalSection(SolutionProperties) = preSolution
		HideSolutionNode = FALSE
	EndGlobalSection
EndGlobal
