
Microsoft Visual Studio Solution File, Format Version 12.00
# Visual Studio 15
VisualStudioVersion = 15.0.28010.2046
MinimumVisualStudioVersion = 10.0.40219.1
Project("{9A19103F-16F7-4668-BE54-9A1E7A4F7556}") = "Kingdom.OrTools.ConstraintSolver.Samples.Tests", "Kingdom.OrTools.ConstraintSolver.Samples.Tests\Kingdom.OrTools.ConstraintSolver.Samples.Tests.csproj", "{C1AFBF85-734E-4F91-8908-9D5921EA8B22}"
EndProject
Project("{2150E333-8FDC-42A3-9474-1A3956D46DE8}") = "Source", "Source", "{327DE516-77D1-42D4-8DCE-484E40AD3885}"
EndProject
Project("{2150E333-8FDC-42A3-9474-1A3956D46DE8}") = "Tests", "Tests", "{141E2837-1247-4E33-B5A0-64D0ECCBFDBA}"
EndProject
Project("{FAE04EC0-301F-11D3-BF4B-00C04F79EFBC}") = "Kingdom.OrTools.ConstraintSolver.Sample.Fixturing.Tests", "Kingdom.OrTools.ConstraintSolver.Sample.Fixturing.Tests\Kingdom.OrTools.ConstraintSolver.Sample.Fixturing.Tests.csproj", "{05D37050-50DA-459D-A62F-C051BA62FA0A}"
EndProject
Project("{9A19103F-16F7-4668-BE54-9A1E7A4F7556}") = "Kingdom.OrTools.LinearSolver.Core", "Kingdom.OrTools.LinearSolver.Core\Kingdom.OrTools.LinearSolver.Core.csproj", "{43B7A0DF-8D75-4C61-83E7-265E7F140E9C}"
EndProject
Project("{9A19103F-16F7-4668-BE54-9A1E7A4F7556}") = "Kingdom.OrTools.Core", "Kingdom.OrTools.Core\Kingdom.OrTools.Core.csproj", "{146963E3-6764-4DBA-8CFD-57196A0F9D5B}"
EndProject
Project("{9A19103F-16F7-4668-BE54-9A1E7A4F7556}") = "Kingdom.OrTools.LinearSolver.Samples.Feasibility.Tests", "Kingdom.OrTools.LinearSolver.Samples.Feasibility.Tests\Kingdom.OrTools.LinearSolver.Samples.Feasibility.Tests.csproj", "{0A214042-80B3-4F12-93BA-084A22A3139F}"
EndProject
Project("{2150E333-8FDC-42A3-9474-1A3956D46DE8}") = "Tools", "Tools", "{54E31570-1D9E-45F8-A608-70918273D50B}"
	ProjectSection(SolutionItems) = preProject
		tools\NuGet\copy-local.cmd = tools\NuGet\copy-local.cmd
		tools\NuGet\package.cmd = tools\NuGet\package.cmd
		tools\NuGet\publish.cmd = tools\NuGet\publish.cmd
	EndProjectSection
EndProject
Project("{2150E333-8FDC-42A3-9474-1A3956D46DE8}") = "Solution", "Solution", "{5EDB9086-DACF-4D1D-A3F6-91C826684B38}"
	ProjectSection(SolutionItems) = preProject
		Directory.Build.props = Directory.Build.props
	EndProjectSection
EndProject
Project("{9A19103F-16F7-4668-BE54-9A1E7A4F7556}") = "Kingdom.OrTools.LinearSolver.Samples.Feasibility", "Kingdom.OrTools.LinearSolver.Samples.Feasibility\Kingdom.OrTools.LinearSolver.Samples.Feasibility.csproj", "{B055EC6C-994A-48F5-B41B-1473775FE5F4}"
EndProject
Project("{9A19103F-16F7-4668-BE54-9A1E7A4F7556}") = "Kingdom.OrTools.ConstraintSolver.Sample.Fixturing.Tests.Core", "Kingdom.OrTools.ConstraintSolver.Sample.Fixturing.Tests.Core\Kingdom.OrTools.ConstraintSolver.Sample.Fixturing.Tests.Core.csproj", "{F826380B-0DE1-49D3-9AF0-BC7A8A5BE38B}"
EndProject
Project("{9A19103F-16F7-4668-BE54-9A1E7A4F7556}") = "Kingdom.OrTools.ConstraintSolver.Core", "Kingdom.OrTools.ConstraintSolver.Core\Kingdom.OrTools.ConstraintSolver.Core.csproj", "{EFA736E9-3727-42BB-8788-BC0DC822C883}"
EndProject
Project("{9A19103F-16F7-4668-BE54-9A1E7A4F7556}") = "Kingdom.OrTools.Sat.Core", "Kingdom.OrTools.Sat.Core\Kingdom.OrTools.Sat.Core.csproj", "{0D3D4738-5912-4392-9689-8C17BFEB6AA7}"
EndProject
Project("{9A19103F-16F7-4668-BE54-9A1E7A4F7556}") = "Kingdom.OrTools.Csp.Problems", "Kingdom.OrTools.Csp.Problems\Kingdom.OrTools.Csp.Problems.csproj", "{C958F26C-FA8C-4464-952F-69D9197644DD}"
EndProject
Project("{9A19103F-16F7-4668-BE54-9A1E7A4F7556}") = "Kingdom.OrTools.Samples.Sudoku", "Kingdom.OrTools.Samples.Sudoku\Kingdom.OrTools.Samples.Sudoku.csproj", "{6BDE13EE-BCF6-4460-A08C-ED9793587FE6}"
EndProject
Project("{9A19103F-16F7-4668-BE54-9A1E7A4F7556}") = "Kingdom.OrTools.Sat.Samples.Tests", "Kingdom.OrTools.Sat.Samples.Tests\Kingdom.OrTools.Sat.Samples.Tests.csproj", "{28FC7B3E-A191-4040-86B3-B02C5AEFC77D}"
EndProject
Global
	GlobalSection(SolutionConfigurationPlatforms) = preSolution
		Debug|Any CPU = Debug|Any CPU
		Release|Any CPU = Release|Any CPU
	EndGlobalSection
	GlobalSection(ProjectConfigurationPlatforms) = postSolution
		{C1AFBF85-734E-4F91-8908-9D5921EA8B22}.Debug|Any CPU.ActiveCfg = Debug|Any CPU
		{C1AFBF85-734E-4F91-8908-9D5921EA8B22}.Debug|Any CPU.Build.0 = Debug|Any CPU
		{C1AFBF85-734E-4F91-8908-9D5921EA8B22}.Release|Any CPU.ActiveCfg = Release|Any CPU
		{05D37050-50DA-459D-A62F-C051BA62FA0A}.Debug|Any CPU.ActiveCfg = Debug|Any CPU
		{05D37050-50DA-459D-A62F-C051BA62FA0A}.Release|Any CPU.ActiveCfg = Release|Any CPU
		{43B7A0DF-8D75-4C61-83E7-265E7F140E9C}.Debug|Any CPU.ActiveCfg = Debug|Any CPU
		{43B7A0DF-8D75-4C61-83E7-265E7F140E9C}.Debug|Any CPU.Build.0 = Debug|Any CPU
		{43B7A0DF-8D75-4C61-83E7-265E7F140E9C}.Release|Any CPU.ActiveCfg = Release|Any CPU
		{43B7A0DF-8D75-4C61-83E7-265E7F140E9C}.Release|Any CPU.Build.0 = Release|Any CPU
		{146963E3-6764-4DBA-8CFD-57196A0F9D5B}.Debug|Any CPU.ActiveCfg = Debug|Any CPU
		{146963E3-6764-4DBA-8CFD-57196A0F9D5B}.Debug|Any CPU.Build.0 = Debug|Any CPU
		{146963E3-6764-4DBA-8CFD-57196A0F9D5B}.Release|Any CPU.ActiveCfg = Release|Any CPU
		{146963E3-6764-4DBA-8CFD-57196A0F9D5B}.Release|Any CPU.Build.0 = Release|Any CPU
		{0A214042-80B3-4F12-93BA-084A22A3139F}.Debug|Any CPU.ActiveCfg = Debug|Any CPU
		{0A214042-80B3-4F12-93BA-084A22A3139F}.Debug|Any CPU.Build.0 = Debug|Any CPU
		{0A214042-80B3-4F12-93BA-084A22A3139F}.Release|Any CPU.ActiveCfg = Release|Any CPU
		{B055EC6C-994A-48F5-B41B-1473775FE5F4}.Debug|Any CPU.ActiveCfg = Debug|Any CPU
		{B055EC6C-994A-48F5-B41B-1473775FE5F4}.Debug|Any CPU.Build.0 = Debug|Any CPU
		{B055EC6C-994A-48F5-B41B-1473775FE5F4}.Release|Any CPU.ActiveCfg = Release|Any CPU
		{B055EC6C-994A-48F5-B41B-1473775FE5F4}.Release|Any CPU.Build.0 = Release|Any CPU
		{F826380B-0DE1-49D3-9AF0-BC7A8A5BE38B}.Debug|Any CPU.ActiveCfg = Debug|Any CPU
		{F826380B-0DE1-49D3-9AF0-BC7A8A5BE38B}.Debug|Any CPU.Build.0 = Debug|Any CPU
		{F826380B-0DE1-49D3-9AF0-BC7A8A5BE38B}.Release|Any CPU.ActiveCfg = Release|Any CPU
		{F826380B-0DE1-49D3-9AF0-BC7A8A5BE38B}.Release|Any CPU.Build.0 = Release|Any CPU
		{EFA736E9-3727-42BB-8788-BC0DC822C883}.Debug|Any CPU.ActiveCfg = Debug|Any CPU
		{EFA736E9-3727-42BB-8788-BC0DC822C883}.Debug|Any CPU.Build.0 = Debug|Any CPU
		{EFA736E9-3727-42BB-8788-BC0DC822C883}.Release|Any CPU.ActiveCfg = Release|Any CPU
		{EFA736E9-3727-42BB-8788-BC0DC822C883}.Release|Any CPU.Build.0 = Release|Any CPU
		{0D3D4738-5912-4392-9689-8C17BFEB6AA7}.Debug|Any CPU.ActiveCfg = Debug|Any CPU
		{0D3D4738-5912-4392-9689-8C17BFEB6AA7}.Debug|Any CPU.Build.0 = Debug|Any CPU
		{0D3D4738-5912-4392-9689-8C17BFEB6AA7}.Release|Any CPU.ActiveCfg = Release|Any CPU
		{0D3D4738-5912-4392-9689-8C17BFEB6AA7}.Release|Any CPU.Build.0 = Release|Any CPU
		{C958F26C-FA8C-4464-952F-69D9197644DD}.Debug|Any CPU.ActiveCfg = Debug|Any CPU
		{C958F26C-FA8C-4464-952F-69D9197644DD}.Debug|Any CPU.Build.0 = Debug|Any CPU
		{C958F26C-FA8C-4464-952F-69D9197644DD}.Release|Any CPU.ActiveCfg = Release|Any CPU
		{C958F26C-FA8C-4464-952F-69D9197644DD}.Release|Any CPU.Build.0 = Release|Any CPU
		{6BDE13EE-BCF6-4460-A08C-ED9793587FE6}.Debug|Any CPU.ActiveCfg = Debug|Any CPU
		{6BDE13EE-BCF6-4460-A08C-ED9793587FE6}.Debug|Any CPU.Build.0 = Debug|Any CPU
		{6BDE13EE-BCF6-4460-A08C-ED9793587FE6}.Release|Any CPU.ActiveCfg = Release|Any CPU
		{6BDE13EE-BCF6-4460-A08C-ED9793587FE6}.Release|Any CPU.Build.0 = Release|Any CPU
		{28FC7B3E-A191-4040-86B3-B02C5AEFC77D}.Debug|Any CPU.ActiveCfg = Debug|Any CPU
		{28FC7B3E-A191-4040-86B3-B02C5AEFC77D}.Debug|Any CPU.Build.0 = Debug|Any CPU
		{28FC7B3E-A191-4040-86B3-B02C5AEFC77D}.Release|Any CPU.ActiveCfg = Release|Any CPU
		{28FC7B3E-A191-4040-86B3-B02C5AEFC77D}.Release|Any CPU.Build.0 = Release|Any CPU
	EndGlobalSection
	GlobalSection(SolutionProperties) = preSolution
		HideSolutionNode = FALSE
	EndGlobalSection
	GlobalSection(NestedProjects) = preSolution
		{C1AFBF85-734E-4F91-8908-9D5921EA8B22} = {141E2837-1247-4E33-B5A0-64D0ECCBFDBA}
		{05D37050-50DA-459D-A62F-C051BA62FA0A} = {141E2837-1247-4E33-B5A0-64D0ECCBFDBA}
		{43B7A0DF-8D75-4C61-83E7-265E7F140E9C} = {327DE516-77D1-42D4-8DCE-484E40AD3885}
		{146963E3-6764-4DBA-8CFD-57196A0F9D5B} = {327DE516-77D1-42D4-8DCE-484E40AD3885}
		{0A214042-80B3-4F12-93BA-084A22A3139F} = {141E2837-1247-4E33-B5A0-64D0ECCBFDBA}
		{B055EC6C-994A-48F5-B41B-1473775FE5F4} = {141E2837-1247-4E33-B5A0-64D0ECCBFDBA}
		{F826380B-0DE1-49D3-9AF0-BC7A8A5BE38B} = {141E2837-1247-4E33-B5A0-64D0ECCBFDBA}
		{EFA736E9-3727-42BB-8788-BC0DC822C883} = {327DE516-77D1-42D4-8DCE-484E40AD3885}
		{0D3D4738-5912-4392-9689-8C17BFEB6AA7} = {327DE516-77D1-42D4-8DCE-484E40AD3885}
		{C958F26C-FA8C-4464-952F-69D9197644DD} = {141E2837-1247-4E33-B5A0-64D0ECCBFDBA}
		{6BDE13EE-BCF6-4460-A08C-ED9793587FE6} = {141E2837-1247-4E33-B5A0-64D0ECCBFDBA}
		{28FC7B3E-A191-4040-86B3-B02C5AEFC77D} = {141E2837-1247-4E33-B5A0-64D0ECCBFDBA}
	EndGlobalSection
	GlobalSection(ExtensibilityGlobals) = postSolution
		SolutionGuid = {7966AFF7-6884-4957-984E-1CC9AFE4FDF2}
	EndGlobalSection
EndGlobal
